// !$*UTF8*$!
{
	archiveVersion = 1;
	classes = {
	};
	objectVersion = 50;
	objects = {

/* Begin PBXBuildFile section */
		83052A4D21023A2000010ED2 /* AppDelegate.swift in Sources */ = {isa = PBXBuildFile; fileRef = 83052A4C21023A2000010ED2 /* AppDelegate.swift */; };
		83052A4F21023A2000010ED2 /* GameListViewController.swift in Sources */ = {isa = PBXBuildFile; fileRef = 83052A4E21023A2000010ED2 /* GameListViewController.swift */; };
		83052A5221023A2000010ED2 /* Main.storyboard in Resources */ = {isa = PBXBuildFile; fileRef = 83052A5021023A2000010ED2 /* Main.storyboard */; };
		83052A5521023A2000010ED2 /* BoardGamePlayRater.xcdatamodeld in Sources */ = {isa = PBXBuildFile; fileRef = 83052A5321023A2000010ED2 /* BoardGamePlayRater.xcdatamodeld */; };
		83052A5721023A2100010ED2 /* Assets.xcassets in Resources */ = {isa = PBXBuildFile; fileRef = 83052A5621023A2100010ED2 /* Assets.xcassets */; };
		83052A5A21023A2100010ED2 /* LaunchScreen.storyboard in Resources */ = {isa = PBXBuildFile; fileRef = 83052A5821023A2100010ED2 /* LaunchScreen.storyboard */; };
		83052A642102484700010ED2 /* GameViewController.swift in Sources */ = {isa = PBXBuildFile; fileRef = 83052A632102484700010ED2 /* GameViewController.swift */; };
		8315D3DE2104B99C004322A3 /* PlayTrackerViewController.swift in Sources */ = {isa = PBXBuildFile; fileRef = 8315D3DD2104B99C004322A3 /* PlayTrackerViewController.swift */; };
		8319D9952123900700259B2B /* GameTableViewCell.swift in Sources */ = {isa = PBXBuildFile; fileRef = 8319D9942123900700259B2B /* GameTableViewCell.swift */; };
		831B23E3212C492D006A56A8 /* playerSegue.swift in Sources */ = {isa = PBXBuildFile; fileRef = 831B23E2212C492D006A56A8 /* playerSegue.swift */; };
		833BED7A212B695F000A594E /* PlayerInformationViewController.swift in Sources */ = {isa = PBXBuildFile; fileRef = 833BED79212B695F000A594E /* PlayerInformationViewController.swift */; };
		83C2B24E210B4F9F00A28D89 /* addSign.png in Resources */ = {isa = PBXBuildFile; fileRef = 83C2B24D210B4F9E00A28D89 /* addSign.png */; };
		83C5F0ED210E71090024A572 /* PlayRecordViewController.swift in Sources */ = {isa = PBXBuildFile; fileRef = 83C5F0EC210E71090024A572 /* PlayRecordViewController.swift */; };
/* End PBXBuildFile section */

/* Begin PBXFileReference section */
		83052A4921023A2000010ED2 /* BoardGamePlayRater.app */ = {isa = PBXFileReference; explicitFileType = wrapper.application; includeInIndex = 0; path = BoardGamePlayRater.app; sourceTree = BUILT_PRODUCTS_DIR; };
		83052A4C21023A2000010ED2 /* AppDelegate.swift */ = {isa = PBXFileReference; lastKnownFileType = sourcecode.swift; path = AppDelegate.swift; sourceTree = "<group>"; };
		83052A4E21023A2000010ED2 /* GameListViewController.swift */ = {isa = PBXFileReference; lastKnownFileType = sourcecode.swift; path = GameListViewController.swift; sourceTree = "<group>"; };
		83052A5121023A2000010ED2 /* Base */ = {isa = PBXFileReference; lastKnownFileType = file.storyboard; name = Base; path = Base.lproj/Main.storyboard; sourceTree = "<group>"; };
		83052A5421023A2000010ED2 /* BoardGamePlayRater.xcdatamodel */ = {isa = PBXFileReference; lastKnownFileType = wrapper.xcdatamodel; path = BoardGamePlayRater.xcdatamodel; sourceTree = "<group>"; };
		83052A5621023A2100010ED2 /* Assets.xcassets */ = {isa = PBXFileReference; lastKnownFileType = folder.assetcatalog; path = Assets.xcassets; sourceTree = "<group>"; };
		83052A5921023A2100010ED2 /* Base */ = {isa = PBXFileReference; lastKnownFileType = file.storyboard; name = Base; path = Base.lproj/LaunchScreen.storyboard; sourceTree = "<group>"; };
		83052A5B21023A2100010ED2 /* Info.plist */ = {isa = PBXFileReference; lastKnownFileType = text.plist.xml; path = Info.plist; sourceTree = "<group>"; };
		83052A632102484700010ED2 /* GameViewController.swift */ = {isa = PBXFileReference; lastKnownFileType = sourcecode.swift; path = GameViewController.swift; sourceTree = "<group>"; };
		8315D3DD2104B99C004322A3 /* PlayTrackerViewController.swift */ = {isa = PBXFileReference; lastKnownFileType = sourcecode.swift; path = PlayTrackerViewController.swift; sourceTree = "<group>"; };
		8319D9942123900700259B2B /* GameTableViewCell.swift */ = {isa = PBXFileReference; lastKnownFileType = sourcecode.swift; path = GameTableViewCell.swift; sourceTree = "<group>"; };
		831B23E2212C492D006A56A8 /* playerSegue.swift */ = {isa = PBXFileReference; lastKnownFileType = sourcecode.swift; path = playerSegue.swift; sourceTree = "<group>"; };
		833BED79212B695F000A594E /* PlayerInformationViewController.swift */ = {isa = PBXFileReference; lastKnownFileType = sourcecode.swift; path = PlayerInformationViewController.swift; sourceTree = "<group>"; };
		83C2B24D210B4F9E00A28D89 /* addSign.png */ = {isa = PBXFileReference; lastKnownFileType = image.png; path = addSign.png; sourceTree = "<group>"; };
		83C5F0EC210E71090024A572 /* PlayRecordViewController.swift */ = {isa = PBXFileReference; lastKnownFileType = sourcecode.swift; path = PlayRecordViewController.swift; sourceTree = "<group>"; };
/* End PBXFileReference section */

/* Begin PBXFrameworksBuildPhase section */
		83052A4621023A2000010ED2 /* Frameworks */ = {
			isa = PBXFrameworksBuildPhase;
			buildActionMask = 2147483647;
			files = (
			);
			runOnlyForDeploymentPostprocessing = 0;
		};
/* End PBXFrameworksBuildPhase section */

/* Begin PBXGroup section */
		83052A4021023A2000010ED2 = {
			isa = PBXGroup;
			children = (
				83052A4B21023A2000010ED2 /* BoardGamePlayRater */,
				83052A4A21023A2000010ED2 /* Products */,
				83C2B24D210B4F9E00A28D89 /* addSign.png */,
			);
			sourceTree = "<group>";
		};
		83052A4A21023A2000010ED2 /* Products */ = {
			isa = PBXGroup;
			children = (
				83052A4921023A2000010ED2 /* BoardGamePlayRater.app */,
			);
			name = Products;
			sourceTree = "<group>";
		};
		83052A4B21023A2000010ED2 /* BoardGamePlayRater */ = {
			isa = PBXGroup;
			children = (
				8309644E2124AA93000873F6 /* ViewControllers */,
				8309644D2124AA63000873F6 /* TableViewCells */,
				83052A5021023A2000010ED2 /* Main.storyboard */,
				831B23E2212C492D006A56A8 /* playerSegue.swift */,
				83052A4C21023A2000010ED2 /* AppDelegate.swift */,
				83052A5621023A2100010ED2 /* Assets.xcassets */,
				83052A5821023A2100010ED2 /* LaunchScreen.storyboard */,
				83052A5B21023A2100010ED2 /* Info.plist */,
				83052A5321023A2000010ED2 /* BoardGamePlayRater.xcdatamodeld */,
			);
			path = BoardGamePlayRater;
			sourceTree = "<group>";
		};
		8309644D2124AA63000873F6 /* TableViewCells */ = {
			isa = PBXGroup;
			children = (
				8319D9942123900700259B2B /* GameTableViewCell.swift */,
			);
			path = TableViewCells;
			sourceTree = "<group>";
		};
		8309644E2124AA93000873F6 /* ViewControllers */ = {
			isa = PBXGroup;
			children = (
				83052A4E21023A2000010ED2 /* GameListViewController.swift */,
				83052A632102484700010ED2 /* GameViewController.swift */,
				8315D3DD2104B99C004322A3 /* PlayTrackerViewController.swift */,
				83C5F0EC210E71090024A572 /* PlayRecordViewController.swift */,
				833BED79212B695F000A594E /* PlayerInformationViewController.swift */,
			);
			path = ViewControllers;
			sourceTree = "<group>";
		};
/* End PBXGroup section */

/* Begin PBXNativeTarget section */
		83052A4821023A2000010ED2 /* BoardGamePlayRater */ = {
			isa = PBXNativeTarget;
			buildConfigurationList = 83052A5E21023A2100010ED2 /* Build configuration list for PBXNativeTarget "BoardGamePlayRater" */;
			buildPhases = (
				83052A4521023A2000010ED2 /* Sources */,
				83052A4621023A2000010ED2 /* Frameworks */,
				83052A4721023A2000010ED2 /* Resources */,
			);
			buildRules = (
			);
			dependencies = (
			);
			name = BoardGamePlayRater;
			productName = BoardGamePlayRater;
			productReference = 83052A4921023A2000010ED2 /* BoardGamePlayRater.app */;
			productType = "com.apple.product-type.application";
		};
/* End PBXNativeTarget section */

/* Begin PBXProject section */
		83052A4121023A2000010ED2 /* Project object */ = {
			isa = PBXProject;
			attributes = {
				LastSwiftUpdateCheck = 0940;
				LastUpgradeCheck = 0940;
				ORGANIZATIONNAME = "Maria Beutel";
				TargetAttributes = {
					83052A4821023A2000010ED2 = {
						CreatedOnToolsVersion = 9.4.1;
					};
				};
			};
			buildConfigurationList = 83052A4421023A2000010ED2 /* Build configuration list for PBXProject "BoardGamePlayRater" */;
			compatibilityVersion = "Xcode 9.3";
			developmentRegion = en;
			hasScannedForEncodings = 0;
			knownRegions = (
				en,
				Base,
			);
			mainGroup = 83052A4021023A2000010ED2;
			productRefGroup = 83052A4A21023A2000010ED2 /* Products */;
			projectDirPath = "";
			projectRoot = "";
			targets = (
				83052A4821023A2000010ED2 /* BoardGamePlayRater */,
			);
		};
/* End PBXProject section */

/* Begin PBXResourcesBuildPhase section */
		83052A4721023A2000010ED2 /* Resources */ = {
			isa = PBXResourcesBuildPhase;
			buildActionMask = 2147483647;
			files = (
				83C2B24E210B4F9F00A28D89 /* addSign.png in Resources */,
				83052A5A21023A2100010ED2 /* LaunchScreen.storyboard in Resources */,
				83052A5721023A2100010ED2 /* Assets.xcassets in Resources */,
				83052A5221023A2000010ED2 /* Main.storyboard in Resources */,
			);
			runOnlyForDeploymentPostprocessing = 0;
		};
/* End PBXResourcesBuildPhase section */

/* Begin PBXSourcesBuildPhase section */
		83052A4521023A2000010ED2 /* Sources */ = {
			isa = PBXSourcesBuildPhase;
			buildActionMask = 2147483647;
			files = (
				83052A642102484700010ED2 /* GameViewController.swift in Sources */,
				83C5F0ED210E71090024A572 /* PlayRecordViewController.swift in Sources */,
				831B23E3212C492D006A56A8 /* playerSegue.swift in Sources */,
				833BED7A212B695F000A594E /* PlayerInformationViewController.swift in Sources */,
				83052A4F21023A2000010ED2 /* GameListViewController.swift in Sources */,
				83052A5521023A2000010ED2 /* BoardGamePlayRater.xcdatamodeld in Sources */,
				83052A4D21023A2000010ED2 /* AppDelegate.swift in Sources */,
				8319D9952123900700259B2B /* GameTableViewCell.swift in Sources */,
				8315D3DE2104B99C004322A3 /* PlayTrackerViewController.swift in Sources */,
			);
			runOnlyForDeploymentPostprocessing = 0;
		};
/* End PBXSourcesBuildPhase section */

/* Begin PBXVariantGroup section */
		83052A5021023A2000010ED2 /* Main.storyboard */ = {
			isa = PBXVariantGroup;
			children = (
				83052A5121023A2000010ED2 /* Base */,
			);
			name = Main.storyboard;
			sourceTree = "<group>";
		};
		83052A5821023A2100010ED2 /* LaunchScreen.storyboard */ = {
			isa = PBXVariantGroup;
			children = (
				83052A5921023A2100010ED2 /* Base */,
			);
			name = LaunchScreen.storyboard;
			sourceTree = "<group>";
		};
/* End PBXVariantGroup section */

/* Begin XCBuildConfiguration section */
		83052A5C21023A2100010ED2 /* Debug */ = {
			isa = XCBuildConfiguration;
			buildSettings = {
				ALWAYS_SEARCH_USER_PATHS = NO;
				CLANG_ANALYZER_NONNULL = YES;
				CLANG_ANALYZER_NUMBER_OBJECT_CONVERSION = YES_AGGRESSIVE;
				CLANG_CXX_LANGUAGE_STANDARD = "gnu++14";
				CLANG_CXX_LIBRARY = "libc++";
				CLANG_ENABLE_MODULES = YES;
				CLANG_ENABLE_OBJC_ARC = YES;
				CLANG_ENABLE_OBJC_WEAK = YES;
				CLANG_WARN_BLOCK_CAPTURE_AUTORELEASING = YES;
				CLANG_WARN_BOOL_CONVERSION = YES;
				CLANG_WARN_COMMA = YES;
				CLANG_WARN_CONSTANT_CONVERSION = YES;
				CLANG_WARN_DEPRECATED_OBJC_IMPLEMENTATIONS = YES;
				CLANG_WARN_DIRECT_OBJC_ISA_USAGE = YES_ERROR;
				CLANG_WARN_DOCUMENTATION_COMMENTS = YES;
				CLANG_WARN_EMPTY_BODY = YES;
				CLANG_WARN_ENUM_CONVERSION = YES;
				CLANG_WARN_INFINITE_RECURSION = YES;
				CLANG_WARN_INT_CONVERSION = YES;
				CLANG_WARN_NON_LITERAL_NULL_CONVERSION = YES;
				CLANG_WARN_OBJC_IMPLICIT_RETAIN_SELF = YES;
				CLANG_WARN_OBJC_LITERAL_CONVERSION = YES;
				CLANG_WARN_OBJC_ROOT_CLASS = YES_ERROR;
				CLANG_WARN_RANGE_LOOP_ANALYSIS = YES;
				CLANG_WARN_STRICT_PROTOTYPES = YES;
				CLANG_WARN_SUSPICIOUS_MOVE = YES;
				CLANG_WARN_UNGUARDED_AVAILABILITY = YES_AGGRESSIVE;
				CLANG_WARN_UNREACHABLE_CODE = YES;
				CLANG_WARN__DUPLICATE_METHOD_MATCH = YES;
				CODE_SIGN_IDENTITY = "iPhone Developer";
				COPY_PHASE_STRIP = NO;
				DEBUG_INFORMATION_FORMAT = dwarf;
				ENABLE_STRICT_OBJC_MSGSEND = YES;
				ENABLE_TESTABILITY = YES;
				GCC_C_LANGUAGE_STANDARD = gnu11;
				GCC_DYNAMIC_NO_PIC = NO;
				GCC_NO_COMMON_BLOCKS = YES;
				GCC_OPTIMIZATION_LEVEL = 0;
				GCC_PREPROCESSOR_DEFINITIONS = (
					"DEBUG=1",
					"$(inherited)",
				);
				GCC_WARN_64_TO_32_BIT_CONVERSION = YES;
				GCC_WARN_ABOUT_RETURN_TYPE = YES_ERROR;
				GCC_WARN_UNDECLARED_SELECTOR = YES;
				GCC_WARN_UNINITIALIZED_AUTOS = YES_AGGRESSIVE;
				GCC_WARN_UNUSED_FUNCTION = YES;
				GCC_WARN_UNUSED_VARIABLE = YES;
				IPHONEOS_DEPLOYMENT_TARGET = 11.4;
				MTL_ENABLE_DEBUG_INFO = YES;
				ONLY_ACTIVE_ARCH = YES;
				SDKROOT = iphoneos;
				SWIFT_ACTIVE_COMPILATION_CONDITIONS = DEBUG;
				SWIFT_OPTIMIZATION_LEVEL = "-Onone";
			};
			name = Debug;
		};
		83052A5D21023A2100010ED2 /* Release */ = {
			isa = XCBuildConfiguration;
			buildSettings = {
				ALWAYS_SEARCH_USER_PATHS = NO;
				CLANG_ANALYZER_NONNULL = YES;
				CLANG_ANALYZER_NUMBER_OBJECT_CONVERSION = YES_AGGRESSIVE;
				CLANG_CXX_LANGUAGE_STANDARD = "gnu++14";
				CLANG_CXX_LIBRARY = "libc++";
				CLANG_ENABLE_MODULES = YES;
				CLANG_ENABLE_OBJC_ARC = YES;
				CLANG_ENABLE_OBJC_WEAK = YES;
				CLANG_WARN_BLOCK_CAPTURE_AUTORELEASING = YES;
				CLANG_WARN_BOOL_CONVERSION = YES;
				CLANG_WARN_COMMA = YES;
				CLANG_WARN_CONSTANT_CONVERSION = YES;
				CLANG_WARN_DEPRECATED_OBJC_IMPLEMENTATIONS = YES;
				CLANG_WARN_DIRECT_OBJC_ISA_USAGE = YES_ERROR;
				CLANG_WARN_DOCUMENTATION_COMMENTS = YES;
				CLANG_WARN_EMPTY_BODY = YES;
				CLANG_WARN_ENUM_CONVERSION = YES;
				CLANG_WARN_INFINITE_RECURSION = YES;
				CLANG_WARN_INT_CONVERSION = YES;
				CLANG_WARN_NON_LITERAL_NULL_CONVERSION = YES;
				CLANG_WARN_OBJC_IMPLICIT_RETAIN_SELF = YES;
				CLANG_WARN_OBJC_LITERAL_CONVERSION = YES;
				CLANG_WARN_OBJC_ROOT_CLASS = YES_ERROR;
				CLANG_WARN_RANGE_LOOP_ANALYSIS = YES;
				CLANG_WARN_STRICT_PROTOTYPES = YES;
				CLANG_WARN_SUSPICIOUS_MOVE = YES;
				CLANG_WARN_UNGUARDED_AVAILABILITY = YES_AGGRESSIVE;
				CLANG_WARN_UNREACHABLE_CODE = YES;
				CLANG_WARN__DUPLICATE_METHOD_MATCH = YES;
				CODE_SIGN_IDENTITY = "iPhone Developer";
				COPY_PHASE_STRIP = NO;
				DEBUG_INFORMATION_FORMAT = "dwarf-with-dsym";
				ENABLE_NS_ASSERTIONS = NO;
				ENABLE_STRICT_OBJC_MSGSEND = YES;
				GCC_C_LANGUAGE_STANDARD = gnu11;
				GCC_NO_COMMON_BLOCKS = YES;
				GCC_WARN_64_TO_32_BIT_CONVERSION = YES;
				GCC_WARN_ABOUT_RETURN_TYPE = YES_ERROR;
				GCC_WARN_UNDECLARED_SELECTOR = YES;
				GCC_WARN_UNINITIALIZED_AUTOS = YES_AGGRESSIVE;
				GCC_WARN_UNUSED_FUNCTION = YES;
				GCC_WARN_UNUSED_VARIABLE = YES;
				IPHONEOS_DEPLOYMENT_TARGET = 11.4;
				MTL_ENABLE_DEBUG_INFO = NO;
				SDKROOT = iphoneos;
				SWIFT_COMPILATION_MODE = wholemodule;
				SWIFT_OPTIMIZATION_LEVEL = "-O";
				VALIDATE_PRODUCT = YES;
			};
			name = Release;
		};
		83052A5F21023A2100010ED2 /* Debug */ = {
			isa = XCBuildConfiguration;
			buildSettings = {
				ASSETCATALOG_COMPILER_APPICON_NAME = AppIcon;
				CODE_SIGN_STYLE = Automatic;
				INFOPLIST_FILE = BoardGamePlayRater/Info.plist;
				LD_RUNPATH_SEARCH_PATHS = (
					"$(inherited)",
					"@executable_path/Frameworks",
				);
				PRODUCT_BUNDLE_IDENTIFIER = com.MariaBeutel.BoardGamePlayRater;
				PRODUCT_NAME = "$(TARGET_NAME)";
				SWIFT_VERSION = 4.0;
				TARGETED_DEVICE_FAMILY = "1,2";
			};
			name = Debug;
		};
		83052A6021023A2100010ED2 /* Release */ = {
			isa = XCBuildConfiguration;
			buildSettings = {
				ASSETCATALOG_COMPILER_APPICON_NAME = AppIcon;
				CODE_SIGN_STYLE = Automatic;
				INFOPLIST_FILE = BoardGamePlayRater/Info.plist;
				LD_RUNPATH_SEARCH_PATHS = (
					"$(inherited)",
					"@executable_path/Frameworks",
				);
				PRODUCT_BUNDLE_IDENTIFIER = com.MariaBeutel.BoardGamePlayRater;
				PRODUCT_NAME = "$(TARGET_NAME)";
				SWIFT_VERSION = 4.0;
				TARGETED_DEVICE_FAMILY = "1,2";
			};
			name = Release;
		};
/* End XCBuildConfiguration section */

/* Begin XCConfigurationList section */
		83052A4421023A2000010ED2 /* Build configuration list for PBXProject "BoardGamePlayRater" */ = {
			isa = XCConfigurationList;
			buildConfigurations = (
				83052A5C21023A2100010ED2 /* Debug */,
				83052A5D21023A2100010ED2 /* Release */,
			);
			defaultConfigurationIsVisible = 0;
			defaultConfigurationName = Release;
		};
		83052A5E21023A2100010ED2 /* Build configuration list for PBXNativeTarget "BoardGamePlayRater" */ = {
			isa = XCConfigurationList;
			buildConfigurations = (
				83052A5F21023A2100010ED2 /* Debug */,
				83052A6021023A2100010ED2 /* Release */,
			);
			defaultConfigurationIsVisible = 0;
			defaultConfigurationName = Release;
		};
/* End XCConfigurationList section */

/* Begin XCVersionGroup section */
		83052A5321023A2000010ED2 /* BoardGamePlayRater.xcdatamodeld */ = {
			isa = XCVersionGroup;
			children = (
				83052A5421023A2000010ED2 /* BoardGamePlayRater.xcdatamodel */,
			);
			currentVersion = 83052A5421023A2000010ED2 /* BoardGamePlayRater.xcdatamodel */;
			path = BoardGamePlayRater.xcdatamodeld;
			sourceTree = "<group>";
			versionGroupType = wrapper.xcdatamodel;
		};
/* End XCVersionGroup section */
	};
	rootObject = 83052A4121023A2000010ED2 /* Project object */;
}
